
Microsoft Visual Studio Solution File, Format Version 12.00
# Visual Studio Version 17
VisualStudioVersion = 17.0.31919.166
MinimumVisualStudioVersion = 10.0.40219.1
Project("{2150E333-8FDC-42A3-9474-1A3956D46DE8}") = "EFCoreExample", "EFCoreExample", "{72C23888-F39E-421D-A043-72A83D79918F}"
EndProject
Project("{9A19103F-16F7-4668-BE54-9A1E7A4F7556}") = "Entity.CodeFirst.Setup", "Entity.CodeFirst.Setup\Entity.CodeFirst.Setup.csproj", "{AD1468E8-04FC-4B46-98CF-6BF00A906D55}"
EndProject
Global
	GlobalSection(SolutionConfigurationPlatforms) = preSolution
		Debug|Any CPU = Debug|Any CPU
		Release|Any CPU = Release|Any CPU
	EndGlobalSection
	GlobalSection(ProjectConfigurationPlatforms) = postSolution
		{AD1468E8-04FC-4B46-98CF-6BF00A906D55}.Debug|Any CPU.ActiveCfg = Debug|Any CPU
		{AD1468E8-04FC-4B46-98CF-6BF00A906D55}.Debug|Any CPU.Build.0 = Debug|Any CPU
		{AD1468E8-04FC-4B46-98CF-6BF00A906D55}.Release|Any CPU.ActiveCfg = Release|Any CPU
		{AD1468E8-04FC-4B46-98CF-6BF00A906D55}.Release|Any CPU.Build.0 = Release|Any CPU
	EndGlobalSection
	GlobalSection(SolutionProperties) = preSolution
		HideSolutionNode = FALSE
	EndGlobalSection
	GlobalSection(NestedProjects) = preSolution
		{AD1468E8-04FC-4B46-98CF-6BF00A906D55} = {72C23888-F39E-421D-A043-72A83D79918F}
	EndGlobalSection
	GlobalSection(ExtensibilityGlobals) = postSolution
		SolutionGuid = {2C059A69-4BE1-4185-BA13-C5B82793DE3E}
	EndGlobalSection
EndGlobal
